
Microsoft Visual Studio Solution File, Format Version 12.00
# Visual Studio 15
VisualStudioVersion = 15.0.27428.2015
MinimumVisualStudioVersion = 10.0.40219.1
Project("{FAE04EC0-301F-11D3-BF4B-00C04F79EFBC}") = "CexCore", "CexCore\CexCore.csproj", "{1A99FE78-400E-4D5E-B6A7-52DCD72D163A}"
EndProject
Global
	GlobalSection(SolutionConfigurationPlatforms) = preSolution
		Debug|Any CPU = Debug|Any CPU
		Release|Any CPU = Release|Any CPU
	EndGlobalSection
	GlobalSection(ProjectConfigurationPlatforms) = postSolution
		{1A99FE78-400E-4D5E-B6A7-52DCD72D163A}.Debug|Any CPU.ActiveCfg = Debug|Any CPU
		{1A99FE78-400E-4D5E-B6A7-52DCD72D163A}.Debug|Any CPU.Build.0 = Debug|Any CPU
		{1A99FE78-400E-4D5E-B6A7-52DCD72D163A}.Release|Any CPU.ActiveCfg = Release|Any CPU
		{1A99FE78-400E-4D5E-B6A7-52DCD72D163A}.Release|Any CPU.Build.0 = Release|Any CPU
	EndGlobalSection
	GlobalSection(SolutionProperties) = preSolution
		HideSolutionNode = FALSE
	EndGlobalSection
	GlobalSection(ExtensibilityGlobals) = postSolution
		SolutionGuid = {FFD4D6EC-85A6-4D35-A611-E131D750AAE8}
	EndGlobalSection
EndGlobal
