
Microsoft Visual Studio Solution File, Format Version 12.00
# Visual Studio Version 16
VisualStudioVersion = 16.0.29001.49
MinimumVisualStudioVersion = 10.0.40219.1
Project("{9A19103F-16F7-4668-BE54-9A1E7A4F7556}") = "CexCore", "CexCore\CexCore.csproj", "{2A2AEA44-5D96-4802-989F-955392C4CD56}"
EndProject
Project("{FAE04EC0-301F-11D3-BF4B-00C04F79EFBC}") = "CexCoreTests", "CexCoreTests\CexCoreTests.csproj", "{431423AF-77C9-4BAD-BE3C-A3A7ABFF1219}"
EndProject
Global
	GlobalSection(SolutionConfigurationPlatforms) = preSolution
		Debug|Any CPU = Debug|Any CPU
		Debug|x86 = Debug|x86
		Release|Any CPU = Release|Any CPU
		Release|x86 = Release|x86
	EndGlobalSection
	GlobalSection(ProjectConfigurationPlatforms) = postSolution
		{2A2AEA44-5D96-4802-989F-955392C4CD56}.Debug|Any CPU.ActiveCfg = Debug|Any CPU
		{2A2AEA44-5D96-4802-989F-955392C4CD56}.Debug|Any CPU.Build.0 = Debug|Any CPU
		{2A2AEA44-5D96-4802-989F-955392C4CD56}.Debug|x86.ActiveCfg = Debug|Any CPU
		{2A2AEA44-5D96-4802-989F-955392C4CD56}.Debug|x86.Build.0 = Debug|Any CPU
		{2A2AEA44-5D96-4802-989F-955392C4CD56}.Release|Any CPU.ActiveCfg = Release|Any CPU
		{2A2AEA44-5D96-4802-989F-955392C4CD56}.Release|Any CPU.Build.0 = Release|Any CPU
		{2A2AEA44-5D96-4802-989F-955392C4CD56}.Release|x86.ActiveCfg = Release|Any CPU
		{2A2AEA44-5D96-4802-989F-955392C4CD56}.Release|x86.Build.0 = Release|Any CPU
		{431423AF-77C9-4BAD-BE3C-A3A7ABFF1219}.Debug|Any CPU.ActiveCfg = Debug|Any CPU
		{431423AF-77C9-4BAD-BE3C-A3A7ABFF1219}.Debug|Any CPU.Build.0 = Debug|Any CPU
		{431423AF-77C9-4BAD-BE3C-A3A7ABFF1219}.Debug|x86.ActiveCfg = Debug|Any CPU
		{431423AF-77C9-4BAD-BE3C-A3A7ABFF1219}.Debug|x86.Build.0 = Debug|Any CPU
		{431423AF-77C9-4BAD-BE3C-A3A7ABFF1219}.Release|Any CPU.ActiveCfg = Release|Any CPU
		{431423AF-77C9-4BAD-BE3C-A3A7ABFF1219}.Release|Any CPU.Build.0 = Release|Any CPU
		{431423AF-77C9-4BAD-BE3C-A3A7ABFF1219}.Release|x86.ActiveCfg = Release|Any CPU
		{431423AF-77C9-4BAD-BE3C-A3A7ABFF1219}.Release|x86.Build.0 = Release|Any CPU
	EndGlobalSection
	GlobalSection(SolutionProperties) = preSolution
		HideSolutionNode = FALSE
	EndGlobalSection
	GlobalSection(ExtensibilityGlobals) = postSolution
		SolutionGuid = {E604605C-F09A-429B-ADDE-1D70BF10C81B}
	EndGlobalSection
EndGlobal
